PODS:
  - VIPERS-Converter-Protocol (0.1.0)
  - VIPERS-Router (0.2.0):
    - VIPERS-Converter-Protocol
    - VIPERS-Router-Protocol
  - VIPERS-Router-Protocol (0.2.0):
    - VIPERS-Converter-Protocol

DEPENDENCIES:
  - VIPERS-Router (from `../`)

EXTERNAL SOURCES:
  VIPERS-Router:
    :path: "../"

SPEC CHECKSUMS:
  VIPERS-Converter-Protocol: 1dfd4f62952e487187b9b7b805ac5eff6a06758e
  VIPERS-Router: b84a3080b4799f2222d039f63fcfbf1b09cd4db3
  VIPERS-Router-Protocol: 742c6bde20d260e6993d61b6af374193b11701d4

PODFILE CHECKSUM: 8c8113ceaa84cff78e9464f497d355cb6dbc8d62

COCOAPODS: 1.1.0.rc.2
