PODS:
  - VIPERS-Converter (0.1.0):
    - VIPERS-Converter-Protocol
  - VIPERS-Converter-Protocol (0.1.0)
  - VIPERS-Router (0.1.0):
    - VIPERS-Converter-Protocol
    - VIPERS-Router-Protocol
  - VIPERS-Router-Protocol (0.1.0):
    - VIPERS-Converter-Protocol

DEPENDENCIES:
  - VIPERS-Converter (from `../../VIPERS-Converter`)
  - VIPERS-Converter-Protocol (from `../../VIPERS-Converter-Protocol`)
  - VIPERS-Router (from `../`)
  - VIPERS-Router-Protocol (from `../../VIPERS-Router-Protocol`)

EXTERNAL SOURCES:
  VIPERS-Converter:
    :path: "../../VIPERS-Converter"
  VIPERS-Converter-Protocol:
    :path: "../../VIPERS-Converter-Protocol"
  VIPERS-Router:
    :path: "../"
  VIPERS-Router-Protocol:
    :path: "../../VIPERS-Router-Protocol"

SPEC CHECKSUMS:
  VIPERS-Converter: 006a908b8f9b19a007032e967e857c66c4787c23
  VIPERS-Converter-Protocol: 1dfd4f62952e487187b9b7b805ac5eff6a06758e
  VIPERS-Router: e716b405619698dbf5dddc48c7cbacbaa02386eb
  VIPERS-Router-Protocol: 99eeb05700928af51b4ebb27fdd0c4eddb008631

PODFILE CHECKSUM: 01fc35b896c7664d8001bd643d92dea8d8c4f6df

COCOAPODS: 1.1.0.rc.2
